
Microsoft Visual Studio Solution File, Format Version 12.00
# Visual Studio Version 16
VisualStudioVersion = 16.0.32002.261
MinimumVisualStudioVersion = 10.0.40219.1
Project("{FAE04EC0-301F-11D3-BF4B-00C04F79EFBC}") = "BootCampWebApp", "BootCampWebApp\BootCampWebApp.csproj", "{7C8583F9-AADA-4E44-8BB1-CA9B12279D7E}"
EndProject
Global
	GlobalSection(SolutionConfigurationPlatforms) = preSolution
		Debug|Any CPU = Debug|Any CPU
		Release|Any CPU = Release|Any CPU
	EndGlobalSection
	GlobalSection(ProjectConfigurationPlatforms) = postSolution
		{7C8583F9-AADA-4E44-8BB1-CA9B12279D7E}.Debug|Any CPU.ActiveCfg = Debug|Any CPU
		{7C8583F9-AADA-4E44-8BB1-CA9B12279D7E}.Debug|Any CPU.Build.0 = Debug|Any CPU
		{7C8583F9-AADA-4E44-8BB1-CA9B12279D7E}.Release|Any CPU.ActiveCfg = Release|Any CPU
		{7C8583F9-AADA-4E44-8BB1-CA9B12279D7E}.Release|Any CPU.Build.0 = Release|Any CPU
	EndGlobalSection
	GlobalSection(SolutionProperties) = preSolution
		HideSolutionNode = FALSE
	EndGlobalSection
	GlobalSection(ExtensibilityGlobals) = postSolution
		SolutionGuid = {13C0513C-184B-4D91-9278-267E4E312CBA}
	EndGlobalSection
EndGlobal
